
Microsoft Visual Studio Solution File, Format Version 12.00
# Visual Studio 15
VisualStudioVersion = 15.0.28307.779
MinimumVisualStudioVersion = 10.0.40219.1
Project("{9A19103F-16F7-4668-BE54-9A1E7A4F7556}") = "CrossPlatformLiveData", "CrossPlatformLiveData\CrossPlatformLiveData.csproj", "{B10EE4DF-F97C-4B73-B9DE-3435491935C1}"
EndProject
Project("{FAE04EC0-301F-11D3-BF4B-00C04F79EFBC}") = "CrossPlatformLiveData.Android", "CrossPlatformLiveData.Android\CrossPlatformLiveData.Android.csproj", "{EA47E3B7-BFF8-429B-8313-11260A61850B}"
EndProject
Project("{FAE04EC0-301F-11D3-BF4B-00C04F79EFBC}") = "CrossPlatformLiveData.iOS", "CrossPlatformLiveData.iOS\CrossPlatformLiveData.iOS.csproj", "{E71F3053-056C-4381-9638-048ED73BDFF6}"
EndProject
Global
	GlobalSection(SolutionConfigurationPlatforms) = preSolution
		Debug|Any CPU = Debug|Any CPU
		Release|Any CPU = Release|Any CPU
	EndGlobalSection
	GlobalSection(ProjectConfigurationPlatforms) = postSolution
		{B10EE4DF-F97C-4B73-B9DE-3435491935C1}.Debug|Any CPU.ActiveCfg = Debug|Any CPU
		{B10EE4DF-F97C-4B73-B9DE-3435491935C1}.Debug|Any CPU.Build.0 = Debug|Any CPU
		{B10EE4DF-F97C-4B73-B9DE-3435491935C1}.Release|Any CPU.ActiveCfg = Release|Any CPU
		{B10EE4DF-F97C-4B73-B9DE-3435491935C1}.Release|Any CPU.Build.0 = Release|Any CPU
		{EA47E3B7-BFF8-429B-8313-11260A61850B}.Debug|Any CPU.ActiveCfg = Debug|Any CPU
		{EA47E3B7-BFF8-429B-8313-11260A61850B}.Debug|Any CPU.Build.0 = Debug|Any CPU
		{EA47E3B7-BFF8-429B-8313-11260A61850B}.Release|Any CPU.ActiveCfg = Release|Any CPU
		{EA47E3B7-BFF8-429B-8313-11260A61850B}.Release|Any CPU.Build.0 = Release|Any CPU
		{E71F3053-056C-4381-9638-048ED73BDFF6}.Debug|Any CPU.ActiveCfg = Debug|Any CPU
		{E71F3053-056C-4381-9638-048ED73BDFF6}.Debug|Any CPU.Build.0 = Debug|Any CPU
		{E71F3053-056C-4381-9638-048ED73BDFF6}.Release|Any CPU.ActiveCfg = Release|Any CPU
		{E71F3053-056C-4381-9638-048ED73BDFF6}.Release|Any CPU.Build.0 = Release|Any CPU
	EndGlobalSection
	GlobalSection(SolutionProperties) = preSolution
		HideSolutionNode = FALSE
	EndGlobalSection
	GlobalSection(ExtensibilityGlobals) = postSolution
		SolutionGuid = {000D6D53-689D-4EB8-9AD8-1FCEA9CCA957}
	EndGlobalSection
EndGlobal
